// !$*UTF8*$!
{
	archiveVersion = 1;
	classes = {
	};
	objectVersion = 46;
	objects = {

/* Begin PBXBuildFile section */
		22389A0F1E658CFD00E596EA /* RxCocoa.framework in Frameworks */ = {isa = PBXBuildFile; fileRef = 223899F01E658CB500E596EA /* RxCocoa.framework */; };
		22389A101E658CFD00E596EA /* RxSwift.framework in Frameworks */ = {isa = PBXBuildFile; fileRef = 223899E81E658CB500E596EA /* RxSwift.framework */; };
		22389A121E6602DE00E596EA /* KiteViewer.swift in Sources */ = {isa = PBXBuildFile; fileRef = 22389A111E6602DE00E596EA /* KiteViewer.swift */; };
		22389A141E66034400E596EA /* KiteEmulator.swift in Sources */ = {isa = PBXBuildFile; fileRef = 22389A131E66034400E596EA /* KiteEmulator.swift */; };
		224B2BA91E9984730090C7B9 /* Pursuit.swift in Sources */ = {isa = PBXBuildFile; fileRef = 224B2BA81E9984730090C7B9 /* Pursuit.swift */; };
		2298CE541F2E8D0C00319634 /* SettingsViewController.swift in Sources */ = {isa = PBXBuildFile; fileRef = 2298CE521F2E8D0C00319634 /* SettingsViewController.swift */; };
		2298CE551F2E8D0C00319634 /* TraceViewsViewController.swift in Sources */ = {isa = PBXBuildFile; fileRef = 2298CE531F2E8D0C00319634 /* TraceViewsViewController.swift */; };
		22BFFA221E6DFC4A006BE86D /* Main.storyboard in Resources */ = {isa = PBXBuildFile; fileRef = 22BFFA211E6DFC4A006BE86D /* Main.storyboard */; };
		22BFFA4A1E72B97A006BE86D /* DataModels.swift in Sources */ = {isa = PBXBuildFile; fileRef = 22BFFA491E72B97A006BE86D /* DataModels.swift */; };
		22BFFA4C1E72ED54006BE86D /* KiteAnalyzer.swift in Sources */ = {isa = PBXBuildFile; fileRef = 22BFFA4B1E72ED54006BE86D /* KiteAnalyzer.swift */; };
		22BFFA501E7351F4006BE86D /* KiteLink.swift in Sources */ = {isa = PBXBuildFile; fileRef = 22BFFA4F1E7351F4006BE86D /* KiteLink.swift */; };
		22BFFA5A1E735524006BE86D /* ORSSerial.framework in Frameworks */ = {isa = PBXBuildFile; fileRef = 22BFFA571E7354DB006BE86D /* ORSSerial.framework */; };
		22BFFA621E782302006BE86D /* SerialViewController.swift in Sources */ = {isa = PBXBuildFile; fileRef = 22BFFA611E782302006BE86D /* SerialViewController.swift */; };
		22BFFA7B1E7841E6006BE86D /* MavlinkMessage.swift in Sources */ = {isa = PBXBuildFile; fileRef = 22BFFA7A1E7841E6006BE86D /* MavlinkMessage.swift */; };
		22BFFA7D1E78863B006BE86D /* LeapMotion.swift in Sources */ = {isa = PBXBuildFile; fileRef = 22BFFA7C1E78863B006BE86D /* LeapMotion.swift */; };
		22BFFA841E793700006BE86D /* LeapObjectiveC.mm in Sources */ = {isa = PBXBuildFile; fileRef = 22BFFA831E793700006BE86D /* LeapObjectiveC.mm */; };
		22BFFA861E793771006BE86D /* libLeap.dylib in Frameworks */ = {isa = PBXBuildFile; fileRef = 22BFFA851E793771006BE86D /* libLeap.dylib */; };
		22BFFA881E793810006BE86D /* libLeap.dylib in CopyFiles */ = {isa = PBXBuildFile; fileRef = 22BFFA851E793771006BE86D /* libLeap.dylib */; settings = {ATTRIBUTES = (CodeSignOnCopy, ); }; };
		22C5766A1E9BEEA80097345B /* Realm.framework in Frameworks */ = {isa = PBXBuildFile; fileRef = 22C576681E9BEEA80097345B /* Realm.framework */; };
		22C5766B1E9BEEA80097345B /* Realm.framework in Embed Frameworks */ = {isa = PBXBuildFile; fileRef = 22C576681E9BEEA80097345B /* Realm.framework */; settings = {ATTRIBUTES = (CodeSignOnCopy, RemoveHeadersOnCopy, ); }; };
		22C5766C1E9BEEA80097345B /* RealmSwift.framework in Frameworks */ = {isa = PBXBuildFile; fileRef = 22C576691E9BEEA80097345B /* RealmSwift.framework */; };
		22C5766D1E9BEEA80097345B /* RealmSwift.framework in Embed Frameworks */ = {isa = PBXBuildFile; fileRef = 22C576691E9BEEA80097345B /* RealmSwift.framework */; settings = {ATTRIBUTES = (CodeSignOnCopy, RemoveHeadersOnCopy, ); }; };
		22DA65D21F2B6ED40055CB37 /* LogViewController.swift in Sources */ = {isa = PBXBuildFile; fileRef = 22DA65D11F2B6ED40055CB37 /* LogViewController.swift */; };
		22DD78461F06505B00E73346 /* Point.swift in Sources */ = {isa = PBXBuildFile; fileRef = 22DD78451F06505B00E73346 /* Point.swift */; };
		22DD78481F06714500E73346 /* Tracer.swift in Sources */ = {isa = PBXBuildFile; fileRef = 22DD78471F06714400E73346 /* Tracer.swift */; };
		22DD784A1F06734D00E73346 /* TraceView.swift in Sources */ = {isa = PBXBuildFile; fileRef = 22DD78491F06734D00E73346 /* TraceView.swift */; };
		22EC26881E61DD7E00370170 /* AppDelegate.swift in Sources */ = {isa = PBXBuildFile; fileRef = 22EC26871E61DD7E00370170 /* AppDelegate.swift */; };
		22EC268C1E61DD7E00370170 /* SceneViewController.swift in Sources */ = {isa = PBXBuildFile; fileRef = 22EC268B1E61DD7E00370170 /* SceneViewController.swift */; };
		22EC268E1E61DD7E00370170 /* art.scnassets in Resources */ = {isa = PBXBuildFile; fileRef = 22EC268D1E61DD7E00370170 /* art.scnassets */; };
		22EC26901E61DD7E00370170 /* Assets.xcassets in Resources */ = {isa = PBXBuildFile; fileRef = 22EC268F1E61DD7E00370170 /* Assets.xcassets */; };
		22EC26A21E62219B00370170 /* Matrix.swift in Sources */ = {isa = PBXBuildFile; fileRef = 22EC269B1E62219B00370170 /* Matrix.swift */; };
		22EC26A41E62219B00370170 /* Rotations.swift in Sources */ = {isa = PBXBuildFile; fileRef = 22EC269D1E62219B00370170 /* Rotations.swift */; };
		22EC26A61E62219B00370170 /* Vector.swift in Sources */ = {isa = PBXBuildFile; fileRef = 22EC269F1E62219B00370170 /* Vector.swift */; };
		22EC26A71E62219B00370170 /* Quaternion.swift in Sources */ = {isa = PBXBuildFile; fileRef = 22EC26A01E62219B00370170 /* Quaternion.swift */; };
		9F19D5561F38A20100914C13 /* ULog.swift in Sources */ = {isa = PBXBuildFile; fileRef = 9F19D5551F38A20100914C13 /* ULog.swift */; };
/* End PBXBuildFile section */

/* Begin PBXContainerItemProxy section */
		223899E51E658CB500E596EA /* PBXContainerItemProxy */ = {
			isa = PBXContainerItemProxy;
			containerPortal = 223899CD1E658CB400E596EA /* Rx.xcodeproj */;
			proxyType = 2;
			remoteGlobalIDString = C8A56AD71AD7424700B4673B;
			remoteInfo = "RxSwift-iOS";
		};
		223899E71E658CB500E596EA /* PBXContainerItemProxy */ = {
			isa = PBXContainerItemProxy;
			containerPortal = 223899CD1E658CB400E596EA /* Rx.xcodeproj */;
			proxyType = 2;
			remoteGlobalIDString = C88BB8711B07E5ED0064D411;
			remoteInfo = "RxSwift-macOS";
		};
		223899E91E658CB500E596EA /* PBXContainerItemProxy */ = {
			isa = PBXContainerItemProxy;
			containerPortal = 223899CD1E658CB400E596EA /* Rx.xcodeproj */;
			proxyType = 2;
			remoteGlobalIDString = D2EA280C1BB9B5A200880ED3;
			remoteInfo = "RxSwift-tvOS";
		};
		223899EB1E658CB500E596EA /* PBXContainerItemProxy */ = {
			isa = PBXContainerItemProxy;
			containerPortal = 223899CD1E658CB400E596EA /* Rx.xcodeproj */;
			proxyType = 2;
			remoteGlobalIDString = C8F0C0021BBBFB8B001B112F;
			remoteInfo = "RxSwift-watchOS";
		};
		223899ED1E658CB500E596EA /* PBXContainerItemProxy */ = {
			isa = PBXContainerItemProxy;
			containerPortal = 223899CD1E658CB400E596EA /* Rx.xcodeproj */;
			proxyType = 2;
			remoteGlobalIDString = C809396D1B8A71760088E94D;
			remoteInfo = "RxCocoa-iOS";
		};
		223899EF1E658CB500E596EA /* PBXContainerItemProxy */ = {
			isa = PBXContainerItemProxy;
			containerPortal = 223899CD1E658CB400E596EA /* Rx.xcodeproj */;
			proxyType = 2;
			remoteGlobalIDString = C80939E71B8A71840088E94D;
			remoteInfo = "RxCocoa-macOS";
		};
		223899F11E658CB500E596EA /* PBXContainerItemProxy */ = {
			isa = PBXContainerItemProxy;
			containerPortal = 223899CD1E658CB400E596EA /* Rx.xcodeproj */;
			proxyType = 2;
			remoteGlobalIDString = D2138C751BB9BE9800339B5C;
			remoteInfo = "RxCocoa-tvOS";
		};
		223899F31E658CB500E596EA /* PBXContainerItemProxy */ = {
			isa = PBXContainerItemProxy;
			containerPortal = 223899CD1E658CB400E596EA /* Rx.xcodeproj */;
			proxyType = 2;
			remoteGlobalIDString = C8F0C04B1BBBFBB9001B112F;
			remoteInfo = "RxCocoa-watchOS";
		};
		223899F51E658CB500E596EA /* PBXContainerItemProxy */ = {
			isa = PBXContainerItemProxy;
			containerPortal = 223899CD1E658CB400E596EA /* Rx.xcodeproj */;
			proxyType = 2;
			remoteGlobalIDString = C8093BC71B8A71F00088E94D;
			remoteInfo = "RxBlocking-iOS";
		};
		223899F71E658CB500E596EA /* PBXContainerItemProxy */ = {
			isa = PBXContainerItemProxy;
			containerPortal = 223899CD1E658CB400E596EA /* Rx.xcodeproj */;
			proxyType = 2;
			remoteGlobalIDString = C8093C451B8A71FC0088E94D;
			remoteInfo = "RxBlocking-macOS";
		};
		223899F91E658CB500E596EA /* PBXContainerItemProxy */ = {
			isa = PBXContainerItemProxy;
			containerPortal = 223899CD1E658CB400E596EA /* Rx.xcodeproj */;
			proxyType = 2;
			remoteGlobalIDString = D2EBEB811BB9B99D003A27DC;
			remoteInfo = "RxBlocking-tvOS";
		};
		223899FB1E658CB500E596EA /* PBXContainerItemProxy */ = {
			isa = PBXContainerItemProxy;
			containerPortal = 223899CD1E658CB400E596EA /* Rx.xcodeproj */;
			proxyType = 2;
			remoteGlobalIDString = C8F0C0581BBBFBCE001B112F;
			remoteInfo = "RxBlocking-watchOS";
		};
		223899FD1E658CB500E596EA /* PBXContainerItemProxy */ = {
			isa = PBXContainerItemProxy;
			containerPortal = 223899CD1E658CB400E596EA /* Rx.xcodeproj */;
			proxyType = 2;
			remoteGlobalIDString = C88FA50C1C25C44800CCFEA4;
			remoteInfo = "RxTest-iOS";
		};
		223899FF1E658CB500E596EA /* PBXContainerItemProxy */ = {
			isa = PBXContainerItemProxy;
			containerPortal = 223899CD1E658CB400E596EA /* Rx.xcodeproj */;
			proxyType = 2;
			remoteGlobalIDString = C88FA51D1C25C4B500CCFEA4;
			remoteInfo = "RxTest-macOS";
		};
		22389A011E658CB500E596EA /* PBXContainerItemProxy */ = {
			isa = PBXContainerItemProxy;
			containerPortal = 223899CD1E658CB400E596EA /* Rx.xcodeproj */;
			proxyType = 2;
			remoteGlobalIDString = C88FA52E1C25C4C000CCFEA4;
			remoteInfo = "RxTest-tvOS";
		};
		22389A031E658CB500E596EA /* PBXContainerItemProxy */ = {
			isa = PBXContainerItemProxy;
			containerPortal = 223899CD1E658CB400E596EA /* Rx.xcodeproj */;
			proxyType = 2;
			remoteGlobalIDString = C88FA53F1C25C4CC00CCFEA4;
			remoteInfo = "RxTest-watchOS";
		};
		22389A051E658CB500E596EA /* PBXContainerItemProxy */ = {
			isa = PBXContainerItemProxy;
			containerPortal = 223899CD1E658CB400E596EA /* Rx.xcodeproj */;
			proxyType = 2;
			remoteGlobalIDString = C83508C31C386F6F0027C24C;
			remoteInfo = "AllTests-iOS";
		};
		22389A071E658CB500E596EA /* PBXContainerItemProxy */ = {
			isa = PBXContainerItemProxy;
			containerPortal = 223899CD1E658CB400E596EA /* Rx.xcodeproj */;
			proxyType = 2;
			remoteGlobalIDString = C83509841C38740E0027C24C;
			remoteInfo = "AllTests-tvOS";
		};
		22389A091E658CB500E596EA /* PBXContainerItemProxy */ = {
			isa = PBXContainerItemProxy;
			containerPortal = 223899CD1E658CB400E596EA /* Rx.xcodeproj */;
			proxyType = 2;
			remoteGlobalIDString = C83509941C38742C0027C24C;
			remoteInfo = "AllTests-macOS";
		};
		22389A0B1E658CB500E596EA /* PBXContainerItemProxy */ = {
			isa = PBXContainerItemProxy;
			containerPortal = 223899CD1E658CB400E596EA /* Rx.xcodeproj */;
			proxyType = 2;
			remoteGlobalIDString = C85BA04B1C3878740075D68E;
			remoteInfo = Microoptimizations;
		};
		22389A0D1E658CB500E596EA /* PBXContainerItemProxy */ = {
			isa = PBXContainerItemProxy;
			containerPortal = 223899CD1E658CB400E596EA /* Rx.xcodeproj */;
			proxyType = 2;
			remoteGlobalIDString = C8E8BA551E2C181A00A4AC2C;
			remoteInfo = Benchmarks;
		};
		22BFFA561E7354DB006BE86D /* PBXContainerItemProxy */ = {
			isa = PBXContainerItemProxy;
			containerPortal = 22BFFA511E7354DB006BE86D /* ORSSerialPort.xcodeproj */;
			proxyType = 2;
			remoteGlobalIDString = 9DCA89121A2BB106009285EB;
			remoteInfo = ORSSerial;
		};
		22BFFA581E7354DB006BE86D /* PBXContainerItemProxy */ = {
			isa = PBXContainerItemProxy;
			containerPortal = 22BFFA511E7354DB006BE86D /* ORSSerialPort.xcodeproj */;
			proxyType = 2;
			remoteGlobalIDString = 9D7472131B6D7767002D8B10;
			remoteInfo = "ORSSerialPort Tests";
		};
/* End PBXContainerItemProxy section */

/* Begin PBXCopyFilesBuildPhase section */
		22BFFA481E72B90A006BE86D /* Embed Frameworks */ = {
			isa = PBXCopyFilesBuildPhase;
			buildActionMask = 2147483647;
			dstPath = "";
			dstSubfolderSpec = 10;
			files = (
				22C5766D1E9BEEA80097345B /* RealmSwift.framework in Embed Frameworks */,
				22C5766B1E9BEEA80097345B /* Realm.framework in Embed Frameworks */,
			);
			name = "Embed Frameworks";
			runOnlyForDeploymentPostprocessing = 0;
		};
		22BFFA871E7937F5006BE86D /* CopyFiles */ = {
			isa = PBXCopyFilesBuildPhase;
			buildActionMask = 2147483647;
			dstPath = "";
			dstSubfolderSpec = 6;
			files = (
				22BFFA881E793810006BE86D /* libLeap.dylib in CopyFiles */,
			);
			runOnlyForDeploymentPostprocessing = 0;
		};
/* End PBXCopyFilesBuildPhase section */

/* Begin PBXFileReference section */
		223899CD1E658CB400E596EA /* Rx.xcodeproj */ = {isa = PBXFileReference; lastKnownFileType = "wrapper.pb-project"; name = Rx.xcodeproj; path = RxSwift/Rx.xcodeproj; sourceTree = "<group>"; };
		22389A111E6602DE00E596EA /* KiteViewer.swift */ = {isa = PBXFileReference; fileEncoding = 4; lastKnownFileType = sourcecode.swift; path = KiteViewer.swift; sourceTree = "<group>"; };
		22389A131E66034400E596EA /* KiteEmulator.swift */ = {isa = PBXFileReference; fileEncoding = 4; lastKnownFileType = sourcecode.swift; path = KiteEmulator.swift; sourceTree = "<group>"; };
		224B2BA81E9984730090C7B9 /* Pursuit.swift */ = {isa = PBXFileReference; fileEncoding = 4; lastKnownFileType = sourcecode.swift; path = Pursuit.swift; sourceTree = "<group>"; };
		2298CE521F2E8D0C00319634 /* SettingsViewController.swift */ = {isa = PBXFileReference; fileEncoding = 4; lastKnownFileType = sourcecode.swift; path = SettingsViewController.swift; sourceTree = "<group>"; };
		2298CE531F2E8D0C00319634 /* TraceViewsViewController.swift */ = {isa = PBXFileReference; fileEncoding = 4; lastKnownFileType = sourcecode.swift; path = TraceViewsViewController.swift; sourceTree = "<group>"; };
		22BFFA211E6DFC4A006BE86D /* Main.storyboard */ = {isa = PBXFileReference; fileEncoding = 4; lastKnownFileType = file.storyboard; path = Main.storyboard; sourceTree = "<group>"; };
		22BFFA491E72B97A006BE86D /* DataModels.swift */ = {isa = PBXFileReference; fileEncoding = 4; lastKnownFileType = sourcecode.swift; path = DataModels.swift; sourceTree = "<group>"; };
		22BFFA4B1E72ED54006BE86D /* KiteAnalyzer.swift */ = {isa = PBXFileReference; fileEncoding = 4; lastKnownFileType = sourcecode.swift; path = KiteAnalyzer.swift; sourceTree = "<group>"; };
		22BFFA4F1E7351F4006BE86D /* KiteLink.swift */ = {isa = PBXFileReference; fileEncoding = 4; lastKnownFileType = sourcecode.swift; path = KiteLink.swift; sourceTree = "<group>"; };
		22BFFA511E7354DB006BE86D /* ORSSerialPort.xcodeproj */ = {isa = PBXFileReference; lastKnownFileType = "wrapper.pb-project"; name = ORSSerialPort.xcodeproj; path = "Frameworks/ORSSerialPort/Framework Project/ORSSerialPort.xcodeproj"; sourceTree = "<group>"; };
		22BFFA611E782302006BE86D /* SerialViewController.swift */ = {isa = PBXFileReference; fileEncoding = 4; lastKnownFileType = sourcecode.swift; path = SerialViewController.swift; sourceTree = "<group>"; };
		22BFFA7A1E7841E6006BE86D /* MavlinkMessage.swift */ = {isa = PBXFileReference; fileEncoding = 4; lastKnownFileType = sourcecode.swift; path = MavlinkMessage.swift; sourceTree = "<group>"; };
		22BFFA7C1E78863B006BE86D /* LeapMotion.swift */ = {isa = PBXFileReference; fileEncoding = 4; lastKnownFileType = sourcecode.swift; path = LeapMotion.swift; sourceTree = "<group>"; };
		22BFFA7F1E7936FF006BE86D /* VisualKite-Bridging-Header.h */ = {isa = PBXFileReference; lastKnownFileType = sourcecode.c.h; path = "VisualKite-Bridging-Header.h"; sourceTree = "<group>"; };
		22BFFA801E793700006BE86D /* Leap.h */ = {isa = PBXFileReference; fileEncoding = 4; lastKnownFileType = sourcecode.c.h; path = Leap.h; sourceTree = "<group>"; };
		22BFFA811E793700006BE86D /* LeapMath.h */ = {isa = PBXFileReference; fileEncoding = 4; lastKnownFileType = sourcecode.c.h; path = LeapMath.h; sourceTree = "<group>"; };
		22BFFA821E793700006BE86D /* LeapObjectiveC.h */ = {isa = PBXFileReference; fileEncoding = 4; lastKnownFileType = sourcecode.c.h; path = LeapObjectiveC.h; sourceTree = "<group>"; };
		22BFFA831E793700006BE86D /* LeapObjectiveC.mm */ = {isa = PBXFileReference; fileEncoding = 4; lastKnownFileType = sourcecode.cpp.objcpp; path = LeapObjectiveC.mm; sourceTree = "<group>"; };
		22BFFA851E793771006BE86D /* libLeap.dylib */ = {isa = PBXFileReference; lastKnownFileType = "compiled.mach-o.dylib"; path = libLeap.dylib; sourceTree = "<group>"; };
		22C576681E9BEEA80097345B /* Realm.framework */ = {isa = PBXFileReference; lastKnownFileType = wrapper.framework; path = Realm.framework; sourceTree = "<group>"; };
		22C576691E9BEEA80097345B /* RealmSwift.framework */ = {isa = PBXFileReference; lastKnownFileType = wrapper.framework; path = RealmSwift.framework; sourceTree = "<group>"; };
		22DA65D11F2B6ED40055CB37 /* LogViewController.swift */ = {isa = PBXFileReference; fileEncoding = 4; lastKnownFileType = sourcecode.swift; path = LogViewController.swift; sourceTree = "<group>"; };
		22DD78451F06505B00E73346 /* Point.swift */ = {isa = PBXFileReference; fileEncoding = 4; lastKnownFileType = sourcecode.swift; path = Point.swift; sourceTree = "<group>"; };
		22DD78471F06714400E73346 /* Tracer.swift */ = {isa = PBXFileReference; fileEncoding = 4; lastKnownFileType = sourcecode.swift; path = Tracer.swift; sourceTree = "<group>"; };
		22DD78491F06734D00E73346 /* TraceView.swift */ = {isa = PBXFileReference; fileEncoding = 4; lastKnownFileType = sourcecode.swift; path = TraceView.swift; sourceTree = "<group>"; };
		22EC26841E61DD7E00370170 /* VisualKite.app */ = {isa = PBXFileReference; explicitFileType = wrapper.application; includeInIndex = 0; path = VisualKite.app; sourceTree = BUILT_PRODUCTS_DIR; };
		22EC26871E61DD7E00370170 /* AppDelegate.swift */ = {isa = PBXFileReference; lastKnownFileType = sourcecode.swift; path = AppDelegate.swift; sourceTree = "<group>"; };
		22EC268B1E61DD7E00370170 /* SceneViewController.swift */ = {isa = PBXFileReference; lastKnownFileType = sourcecode.swift; path = SceneViewController.swift; sourceTree = "<group>"; };
		22EC268D1E61DD7E00370170 /* art.scnassets */ = {isa = PBXFileReference; lastKnownFileType = wrapper.scnassets; path = art.scnassets; sourceTree = "<group>"; };
		22EC268F1E61DD7E00370170 /* Assets.xcassets */ = {isa = PBXFileReference; lastKnownFileType = folder.assetcatalog; path = Assets.xcassets; sourceTree = "<group>"; };
		22EC26941E61DD7F00370170 /* Info.plist */ = {isa = PBXFileReference; lastKnownFileType = text.plist.xml; path = Info.plist; sourceTree = "<group>"; };
		22EC269B1E62219B00370170 /* Matrix.swift */ = {isa = PBXFileReference; fileEncoding = 4; lastKnownFileType = sourcecode.swift; path = Matrix.swift; sourceTree = "<group>"; };
		22EC269D1E62219B00370170 /* Rotations.swift */ = {isa = PBXFileReference; fileEncoding = 4; lastKnownFileType = sourcecode.swift; path = Rotations.swift; sourceTree = "<group>"; };
		22EC269F1E62219B00370170 /* Vector.swift */ = {isa = PBXFileReference; fileEncoding = 4; lastKnownFileType = sourcecode.swift; path = Vector.swift; sourceTree = "<group>"; };
		22EC26A01E62219B00370170 /* Quaternion.swift */ = {isa = PBXFileReference; fileEncoding = 4; lastKnownFileType = sourcecode.swift; path = Quaternion.swift; sourceTree = "<group>"; };
		9F19D5551F38A20100914C13 /* ULog.swift */ = {isa = PBXFileReference; fileEncoding = 4; lastKnownFileType = sourcecode.swift; path = ULog.swift; sourceTree = "<group>"; };
/* End PBXFileReference section */

/* Begin PBXFrameworksBuildPhase section */
		22EC26811E61DD7E00370170 /* Frameworks */ = {
			isa = PBXFrameworksBuildPhase;
			buildActionMask = 2147483647;
			files = (
				22BFFA861E793771006BE86D /* libLeap.dylib in Frameworks */,
				22BFFA5A1E735524006BE86D /* ORSSerial.framework in Frameworks */,
				22C5766C1E9BEEA80097345B /* RealmSwift.framework in Frameworks */,
				22389A0F1E658CFD00E596EA /* RxCocoa.framework in Frameworks */,
				22389A101E658CFD00E596EA /* RxSwift.framework in Frameworks */,
				22C5766A1E9BEEA80097345B /* Realm.framework in Frameworks */,
			);
			runOnlyForDeploymentPostprocessing = 0;
		};
/* End PBXFrameworksBuildPhase section */

/* Begin PBXGroup section */
		223899CE1E658CB400E596EA /* Products */ = {
			isa = PBXGroup;
			children = (
				223899E61E658CB500E596EA /* RxSwift.framework */,
				223899E81E658CB500E596EA /* RxSwift.framework */,
				223899EA1E658CB500E596EA /* RxSwift.framework */,
				223899EC1E658CB500E596EA /* RxSwift.framework */,
				223899EE1E658CB500E596EA /* RxCocoa.framework */,
				223899F01E658CB500E596EA /* RxCocoa.framework */,
				223899F21E658CB500E596EA /* RxCocoa.framework */,
				223899F41E658CB500E596EA /* RxCocoa.framework */,
				223899F61E658CB500E596EA /* RxBlocking.framework */,
				223899F81E658CB500E596EA /* RxBlocking.framework */,
				223899FA1E658CB500E596EA /* RxBlocking.framework */,
				223899FC1E658CB500E596EA /* RxBlocking.framework */,
				223899FE1E658CB500E596EA /* RxTest.framework */,
				22389A001E658CB500E596EA /* RxTest.framework */,
				22389A021E658CB500E596EA /* RxTest.framework */,
				22389A041E658CB500E596EA /* RxTest.framework */,
				22389A061E658CB500E596EA /* AllTests-iOS.xctest */,
				22389A081E658CB500E596EA /* AllTests-tvOS.xctest */,
				22389A0A1E658CB500E596EA /* AllTests-macOS.xctest */,
				22389A0C1E658CB500E596EA /* PerformanceTests.app */,
				22389A0E1E658CB500E596EA /* Benchmarks.xctest */,
			);
			name = Products;
			sourceTree = "<group>";
		};
		22BFFA521E7354DB006BE86D /* Products */ = {
			isa = PBXGroup;
			children = (
				22BFFA571E7354DB006BE86D /* ORSSerial.framework */,
				22BFFA591E7354DB006BE86D /* ORSSerialPort Tests.xctest */,
			);
			name = Products;
			sourceTree = "<group>";
		};
		22BFFA7E1E7936CC006BE86D /* LeapMotion */ = {
			isa = PBXGroup;
			children = (
				22BFFA851E793771006BE86D /* libLeap.dylib */,
				22BFFA801E793700006BE86D /* Leap.h */,
				22BFFA811E793700006BE86D /* LeapMath.h */,
				22BFFA821E793700006BE86D /* LeapObjectiveC.h */,
				22BFFA831E793700006BE86D /* LeapObjectiveC.mm */,
				22BFFA7F1E7936FF006BE86D /* VisualKite-Bridging-Header.h */,
			);
			name = LeapMotion;
			path = VisualKite;
			sourceTree = "<group>";
		};
		22EC267B1E61DD7E00370170 = {
			isa = PBXGroup;
			children = (
				22C576681E9BEEA80097345B /* Realm.framework */,
				22C576691E9BEEA80097345B /* RealmSwift.framework */,
				22BFFA511E7354DB006BE86D /* ORSSerialPort.xcodeproj */,
				223899CD1E658CB400E596EA /* Rx.xcodeproj */,
				22EC26861E61DD7E00370170 /* VisualKite */,
				22EC26851E61DD7E00370170 /* Products */,
				22BFFA7E1E7936CC006BE86D /* LeapMotion */,
			);
			sourceTree = "<group>";
		};
		22EC26851E61DD7E00370170 /* Products */ = {
			isa = PBXGroup;
			children = (
				22EC26841E61DD7E00370170 /* VisualKite.app */,
			);
			name = Products;
			sourceTree = "<group>";
		};
		22EC26861E61DD7E00370170 /* VisualKite */ = {
			isa = PBXGroup;
			children = (
				22DA65D11F2B6ED40055CB37 /* LogViewController.swift */,
				224B2BA81E9984730090C7B9 /* Pursuit.swift */,
				22EC268B1E61DD7E00370170 /* SceneViewController.swift */,
				22BFFA611E782302006BE86D /* SerialViewController.swift */,
				2298CE521F2E8D0C00319634 /* SettingsViewController.swift */,
				2298CE531F2E8D0C00319634 /* TraceViewsViewController.swift */,
				22DD78491F06734D00E73346 /* TraceView.swift */,
				22BFFA7C1E78863B006BE86D /* LeapMotion.swift */,
				22BFFA4F1E7351F4006BE86D /* KiteLink.swift */,
				22BFFA4B1E72ED54006BE86D /* KiteAnalyzer.swift */,
				22BFFA211E6DFC4A006BE86D /* Main.storyboard */,
				22BFFA7A1E7841E6006BE86D /* MavlinkMessage.swift */,
				22EC26871E61DD7E00370170 /* AppDelegate.swift */,
				22BFFA491E72B97A006BE86D /* DataModels.swift */,
				22389A131E66034400E596EA /* KiteEmulator.swift */,
				22389A111E6602DE00E596EA /* KiteViewer.swift */,
				22EC268D1E61DD7E00370170 /* art.scnassets */,
				22EC268F1E61DD7E00370170 /* Assets.xcassets */,
				22EC26941E61DD7F00370170 /* Info.plist */,
				22EC269F1E62219B00370170 /* Vector.swift */,
				22DD78451F06505B00E73346 /* Point.swift */,
				22EC269B1E62219B00370170 /* Matrix.swift */,
				22EC26A01E62219B00370170 /* Quaternion.swift */,
				22EC269D1E62219B00370170 /* Rotations.swift */,
				22DD78471F06714400E73346 /* Tracer.swift */,
				9F19D5551F38A20100914C13 /* ULog.swift */,
			);
			path = VisualKite;
			sourceTree = "<group>";
		};
/* End PBXGroup section */

/* Begin PBXNativeTarget section */
		22EC26831E61DD7E00370170 /* VisualKite */ = {
			isa = PBXNativeTarget;
			buildConfigurationList = 22EC26971E61DD7F00370170 /* Build configuration list for PBXNativeTarget "VisualKite" */;
			buildPhases = (
				22EC26801E61DD7E00370170 /* Sources */,
				22EC26811E61DD7E00370170 /* Frameworks */,
				22EC26821E61DD7E00370170 /* Resources */,
				22BFFA481E72B90A006BE86D /* Embed Frameworks */,
				22BFFA871E7937F5006BE86D /* CopyFiles */,
			);
			buildRules = (
			);
			dependencies = (
			);
			name = VisualKite;
			productName = VisualKite;
			productReference = 22EC26841E61DD7E00370170 /* VisualKite.app */;
			productType = "com.apple.product-type.application";
		};
/* End PBXNativeTarget section */

/* Begin PBXProject section */
		22EC267C1E61DD7E00370170 /* Project object */ = {
			isa = PBXProject;
			attributes = {
				LastSwiftUpdateCheck = 0820;
				LastUpgradeCheck = 0820;
				ORGANIZATIONNAME = "Gustaf Kugelberg";
				TargetAttributes = {
					22EC26831E61DD7E00370170 = {
						CreatedOnToolsVersion = 8.2.1;
						LastSwiftMigration = 0820;
						ProvisioningStyle = Automatic;
					};
				};
			};
			buildConfigurationList = 22EC267F1E61DD7E00370170 /* Build configuration list for PBXProject "VisualKite" */;
			compatibilityVersion = "Xcode 3.2";
			developmentRegion = English;
			hasScannedForEncodings = 0;
			knownRegions = (
				en,
				Base,
			);
			mainGroup = 22EC267B1E61DD7E00370170;
			productRefGroup = 22EC26851E61DD7E00370170 /* Products */;
			projectDirPath = "";
			projectReferences = (
				{
					ProductGroup = 22BFFA521E7354DB006BE86D /* Products */;
					ProjectRef = 22BFFA511E7354DB006BE86D /* ORSSerialPort.xcodeproj */;
				},
				{
					ProductGroup = 223899CE1E658CB400E596EA /* Products */;
					ProjectRef = 223899CD1E658CB400E596EA /* Rx.xcodeproj */;
				},
			);
			projectRoot = "";
			targets = (
				22EC26831E61DD7E00370170 /* VisualKite */,
			);
		};
/* End PBXProject section */

/* Begin PBXReferenceProxy section */
		223899E61E658CB500E596EA /* RxSwift.framework */ = {
			isa = PBXReferenceProxy;
			fileType = wrapper.framework;
			path = RxSwift.framework;
			remoteRef = 223899E51E658CB500E596EA /* PBXContainerItemProxy */;
			sourceTree = BUILT_PRODUCTS_DIR;
		};
		223899E81E658CB500E596EA /* RxSwift.framework */ = {
			isa = PBXReferenceProxy;
			fileType = wrapper.framework;
			path = RxSwift.framework;
			remoteRef = 223899E71E658CB500E596EA /* PBXContainerItemProxy */;
			sourceTree = BUILT_PRODUCTS_DIR;
		};
		223899EA1E658CB500E596EA /* RxSwift.framework */ = {
			isa = PBXReferenceProxy;
			fileType = wrapper.framework;
			path = RxSwift.framework;
			remoteRef = 223899E91E658CB500E596EA /* PBXContainerItemProxy */;
			sourceTree = BUILT_PRODUCTS_DIR;
		};
		223899EC1E658CB500E596EA /* RxSwift.framework */ = {
			isa = PBXReferenceProxy;
			fileType = wrapper.framework;
			path = RxSwift.framework;
			remoteRef = 223899EB1E658CB500E596EA /* PBXContainerItemProxy */;
			sourceTree = BUILT_PRODUCTS_DIR;
		};
		223899EE1E658CB500E596EA /* RxCocoa.framework */ = {
			isa = PBXReferenceProxy;
			fileType = wrapper.framework;
			path = RxCocoa.framework;
			remoteRef = 223899ED1E658CB500E596EA /* PBXContainerItemProxy */;
			sourceTree = BUILT_PRODUCTS_DIR;
		};
		223899F01E658CB500E596EA /* RxCocoa.framework */ = {
			isa = PBXReferenceProxy;
			fileType = wrapper.framework;
			path = RxCocoa.framework;
			remoteRef = 223899EF1E658CB500E596EA /* PBXContainerItemProxy */;
			sourceTree = BUILT_PRODUCTS_DIR;
		};
		223899F21E658CB500E596EA /* RxCocoa.framework */ = {
			isa = PBXReferenceProxy;
			fileType = wrapper.framework;
			path = RxCocoa.framework;
			remoteRef = 223899F11E658CB500E596EA /* PBXContainerItemProxy */;
			sourceTree = BUILT_PRODUCTS_DIR;
		};
		223899F41E658CB500E596EA /* RxCocoa.framework */ = {
			isa = PBXReferenceProxy;
			fileType = wrapper.framework;
			path = RxCocoa.framework;
			remoteRef = 223899F31E658CB500E596EA /* PBXContainerItemProxy */;
			sourceTree = BUILT_PRODUCTS_DIR;
		};
		223899F61E658CB500E596EA /* RxBlocking.framework */ = {
			isa = PBXReferenceProxy;
			fileType = wrapper.framework;
			path = RxBlocking.framework;
			remoteRef = 223899F51E658CB500E596EA /* PBXContainerItemProxy */;
			sourceTree = BUILT_PRODUCTS_DIR;
		};
		223899F81E658CB500E596EA /* RxBlocking.framework */ = {
			isa = PBXReferenceProxy;
			fileType = wrapper.framework;
			path = RxBlocking.framework;
			remoteRef = 223899F71E658CB500E596EA /* PBXContainerItemProxy */;
			sourceTree = BUILT_PRODUCTS_DIR;
		};
		223899FA1E658CB500E596EA /* RxBlocking.framework */ = {
			isa = PBXReferenceProxy;
			fileType = wrapper.framework;
			path = RxBlocking.framework;
			remoteRef = 223899F91E658CB500E596EA /* PBXContainerItemProxy */;
			sourceTree = BUILT_PRODUCTS_DIR;
		};
		223899FC1E658CB500E596EA /* RxBlocking.framework */ = {
			isa = PBXReferenceProxy;
			fileType = wrapper.framework;
			path = RxBlocking.framework;
			remoteRef = 223899FB1E658CB500E596EA /* PBXContainerItemProxy */;
			sourceTree = BUILT_PRODUCTS_DIR;
		};
		223899FE1E658CB500E596EA /* RxTest.framework */ = {
			isa = PBXReferenceProxy;
			fileType = wrapper.framework;
			path = RxTest.framework;
			remoteRef = 223899FD1E658CB500E596EA /* PBXContainerItemProxy */;
			sourceTree = BUILT_PRODUCTS_DIR;
		};
		22389A001E658CB500E596EA /* RxTest.framework */ = {
			isa = PBXReferenceProxy;
			fileType = wrapper.framework;
			path = RxTest.framework;
			remoteRef = 223899FF1E658CB500E596EA /* PBXContainerItemProxy */;
			sourceTree = BUILT_PRODUCTS_DIR;
		};
		22389A021E658CB500E596EA /* RxTest.framework */ = {
			isa = PBXReferenceProxy;
			fileType = wrapper.framework;
			path = RxTest.framework;
			remoteRef = 22389A011E658CB500E596EA /* PBXContainerItemProxy */;
			sourceTree = BUILT_PRODUCTS_DIR;
		};
		22389A041E658CB500E596EA /* RxTest.framework */ = {
			isa = PBXReferenceProxy;
			fileType = wrapper.framework;
			path = RxTest.framework;
			remoteRef = 22389A031E658CB500E596EA /* PBXContainerItemProxy */;
			sourceTree = BUILT_PRODUCTS_DIR;
		};
		22389A061E658CB500E596EA /* AllTests-iOS.xctest */ = {
			isa = PBXReferenceProxy;
			fileType = wrapper.cfbundle;
			path = "AllTests-iOS.xctest";
			remoteRef = 22389A051E658CB500E596EA /* PBXContainerItemProxy */;
			sourceTree = BUILT_PRODUCTS_DIR;
		};
		22389A081E658CB500E596EA /* AllTests-tvOS.xctest */ = {
			isa = PBXReferenceProxy;
			fileType = wrapper.cfbundle;
			path = "AllTests-tvOS.xctest";
			remoteRef = 22389A071E658CB500E596EA /* PBXContainerItemProxy */;
			sourceTree = BUILT_PRODUCTS_DIR;
		};
		22389A0A1E658CB500E596EA /* AllTests-macOS.xctest */ = {
			isa = PBXReferenceProxy;
			fileType = wrapper.cfbundle;
			path = "AllTests-macOS.xctest";
			remoteRef = 22389A091E658CB500E596EA /* PBXContainerItemProxy */;
			sourceTree = BUILT_PRODUCTS_DIR;
		};
		22389A0C1E658CB500E596EA /* PerformanceTests.app */ = {
			isa = PBXReferenceProxy;
			fileType = wrapper.application;
			name = PerformanceTests.app;
			path = Microoptimizations.app;
			remoteRef = 22389A0B1E658CB500E596EA /* PBXContainerItemProxy */;
			sourceTree = BUILT_PRODUCTS_DIR;
		};
		22389A0E1E658CB500E596EA /* Benchmarks.xctest */ = {
			isa = PBXReferenceProxy;
			fileType = wrapper.cfbundle;
			path = Benchmarks.xctest;
			remoteRef = 22389A0D1E658CB500E596EA /* PBXContainerItemProxy */;
			sourceTree = BUILT_PRODUCTS_DIR;
		};
		22BFFA571E7354DB006BE86D /* ORSSerial.framework */ = {
			isa = PBXReferenceProxy;
			fileType = wrapper.framework;
			path = ORSSerial.framework;
			remoteRef = 22BFFA561E7354DB006BE86D /* PBXContainerItemProxy */;
			sourceTree = BUILT_PRODUCTS_DIR;
		};
		22BFFA591E7354DB006BE86D /* ORSSerialPort Tests.xctest */ = {
			isa = PBXReferenceProxy;
			fileType = wrapper.cfbundle;
			path = "ORSSerialPort Tests.xctest";
			remoteRef = 22BFFA581E7354DB006BE86D /* PBXContainerItemProxy */;
			sourceTree = BUILT_PRODUCTS_DIR;
		};
/* End PBXReferenceProxy section */

/* Begin PBXResourcesBuildPhase section */
		22EC26821E61DD7E00370170 /* Resources */ = {
			isa = PBXResourcesBuildPhase;
			buildActionMask = 2147483647;
			files = (
				22EC26901E61DD7E00370170 /* Assets.xcassets in Resources */,
				22EC268E1E61DD7E00370170 /* art.scnassets in Resources */,
				22BFFA221E6DFC4A006BE86D /* Main.storyboard in Resources */,
			);
			runOnlyForDeploymentPostprocessing = 0;
		};
/* End PBXResourcesBuildPhase section */

/* Begin PBXSourcesBuildPhase section */
		22EC26801E61DD7E00370170 /* Sources */ = {
			isa = PBXSourcesBuildPhase;
			buildActionMask = 2147483647;
			files = (
				22BFFA501E7351F4006BE86D /* KiteLink.swift in Sources */,
				22DD78481F06714500E73346 /* Tracer.swift in Sources */,
				22BFFA7D1E78863B006BE86D /* LeapMotion.swift in Sources */,
				22DD784A1F06734D00E73346 /* TraceView.swift in Sources */,
				22BFFA4C1E72ED54006BE86D /* KiteAnalyzer.swift in Sources */,
				22EC26A21E62219B00370170 /* Matrix.swift in Sources */,
				224B2BA91E9984730090C7B9 /* Pursuit.swift in Sources */,
				22EC26A71E62219B00370170 /* Quaternion.swift in Sources */,
				22BFFA7B1E7841E6006BE86D /* MavlinkMessage.swift in Sources */,
				22EC26A41E62219B00370170 /* Rotations.swift in Sources */,
				22EC268C1E61DD7E00370170 /* SceneViewController.swift in Sources */,
				22EC26881E61DD7E00370170 /* AppDelegate.swift in Sources */,
				22DA65D21F2B6ED40055CB37 /* LogViewController.swift in Sources */,
				2298CE551F2E8D0C00319634 /* TraceViewsViewController.swift in Sources */,
				22389A141E66034400E596EA /* KiteEmulator.swift in Sources */,
				22BFFA4A1E72B97A006BE86D /* DataModels.swift in Sources */,
				9F19D5561F38A20100914C13 /* ULog.swift in Sources */,
				22389A121E6602DE00E596EA /* KiteViewer.swift in Sources */,
				22DD78461F06505B00E73346 /* Point.swift in Sources */,
				22BFFA841E793700006BE86D /* LeapObjectiveC.mm in Sources */,
				22EC26A61E62219B00370170 /* Vector.swift in Sources */,
				22BFFA621E782302006BE86D /* SerialViewController.swift in Sources */,
				2298CE541F2E8D0C00319634 /* SettingsViewController.swift in Sources */,
			);
			runOnlyForDeploymentPostprocessing = 0;
		};
/* End PBXSourcesBuildPhase section */

/* Begin XCBuildConfiguration section */
		22EC26951E61DD7F00370170 /* Debug */ = {
			isa = XCBuildConfiguration;
			buildSettings = {
				ALWAYS_SEARCH_USER_PATHS = NO;
				CLANG_ANALYZER_NONNULL = YES;
				CLANG_CXX_LANGUAGE_STANDARD = "gnu++0x";
				CLANG_CXX_LIBRARY = "libc++";
				CLANG_ENABLE_MODULES = YES;
				CLANG_ENABLE_OBJC_ARC = YES;
				CLANG_WARN_BOOL_CONVERSION = YES;
				CLANG_WARN_CONSTANT_CONVERSION = YES;
				CLANG_WARN_DIRECT_OBJC_ISA_USAGE = YES_ERROR;
				CLANG_WARN_DOCUMENTATION_COMMENTS = YES;
				CLANG_WARN_EMPTY_BODY = YES;
				CLANG_WARN_ENUM_CONVERSION = YES;
				CLANG_WARN_INFINITE_RECURSION = YES;
				CLANG_WARN_INT_CONVERSION = YES;
				CLANG_WARN_OBJC_ROOT_CLASS = YES_ERROR;
				CLANG_WARN_SUSPICIOUS_MOVE = YES;
				CLANG_WARN_UNREACHABLE_CODE = YES;
				CLANG_WARN__DUPLICATE_METHOD_MATCH = YES;
				CODE_SIGN_IDENTITY = "-";
				COPY_PHASE_STRIP = NO;
				DEBUG_INFORMATION_FORMAT = dwarf;
				ENABLE_STRICT_OBJC_MSGSEND = YES;
				ENABLE_TESTABILITY = YES;
				GCC_C_LANGUAGE_STANDARD = gnu99;
				GCC_DYNAMIC_NO_PIC = NO;
				GCC_NO_COMMON_BLOCKS = YES;
				GCC_OPTIMIZATION_LEVEL = 0;
				GCC_PREPROCESSOR_DEFINITIONS = (
					"DEBUG=1",
					"$(inherited)",
				);
				GCC_WARN_64_TO_32_BIT_CONVERSION = YES;
				GCC_WARN_ABOUT_RETURN_TYPE = YES_ERROR;
				GCC_WARN_UNDECLARED_SELECTOR = YES;
				GCC_WARN_UNINITIALIZED_AUTOS = YES_AGGRESSIVE;
				GCC_WARN_UNUSED_FUNCTION = YES;
				GCC_WARN_UNUSED_VARIABLE = YES;
				MACOSX_DEPLOYMENT_TARGET = 10.12;
				MTL_ENABLE_DEBUG_INFO = YES;
				ONLY_ACTIVE_ARCH = YES;
				SDKROOT = macosx;
				SWIFT_ACTIVE_COMPILATION_CONDITIONS = DEBUG;
				SWIFT_INCLUDE_PATHS = "${SRCROOT}/Modules";
				SWIFT_OPTIMIZATION_LEVEL = "-Onone";
			};
			name = Debug;
		};
		22EC26961E61DD7F00370170 /* Release */ = {
			isa = XCBuildConfiguration;
			buildSettings = {
				ALWAYS_SEARCH_USER_PATHS = NO;
				CLANG_ANALYZER_NONNULL = YES;
				CLANG_CXX_LANGUAGE_STANDARD = "gnu++0x";
				CLANG_CXX_LIBRARY = "libc++";
				CLANG_ENABLE_MODULES = YES;
				CLANG_ENABLE_OBJC_ARC = YES;
				CLANG_WARN_BOOL_CONVERSION = YES;
				CLANG_WARN_CONSTANT_CONVERSION = YES;
				CLANG_WARN_DIRECT_OBJC_ISA_USAGE = YES_ERROR;
				CLANG_WARN_DOCUMENTATION_COMMENTS = YES;
				CLANG_WARN_EMPTY_BODY = YES;
				CLANG_WARN_ENUM_CONVERSION = YES;
				CLANG_WARN_INFINITE_RECURSION = YES;
				CLANG_WARN_INT_CONVERSION = YES;
				CLANG_WARN_OBJC_ROOT_CLASS = YES_ERROR;
				CLANG_WARN_SUSPICIOUS_MOVE = YES;
				CLANG_WARN_UNREACHABLE_CODE = YES;
				CLANG_WARN__DUPLICATE_METHOD_MATCH = YES;
				CODE_SIGN_IDENTITY = "-";
				COPY_PHASE_STRIP = NO;
				DEBUG_INFORMATION_FORMAT = "dwarf-with-dsym";
				ENABLE_NS_ASSERTIONS = NO;
				ENABLE_STRICT_OBJC_MSGSEND = YES;
				GCC_C_LANGUAGE_STANDARD = gnu99;
				GCC_NO_COMMON_BLOCKS = YES;
				GCC_WARN_64_TO_32_BIT_CONVERSION = YES;
				GCC_WARN_ABOUT_RETURN_TYPE = YES_ERROR;
				GCC_WARN_UNDECLARED_SELECTOR = YES;
				GCC_WARN_UNINITIALIZED_AUTOS = YES_AGGRESSIVE;
				GCC_WARN_UNUSED_FUNCTION = YES;
				GCC_WARN_UNUSED_VARIABLE = YES;
				MACOSX_DEPLOYMENT_TARGET = 10.12;
				MTL_ENABLE_DEBUG_INFO = NO;
				SDKROOT = macosx;
				SWIFT_INCLUDE_PATHS = "${SRCROOT}/Modules";
				SWIFT_OPTIMIZATION_LEVEL = "-Owholemodule";
			};
			name = Release;
		};
		22EC26981E61DD7F00370170 /* Debug */ = {
			isa = XCBuildConfiguration;
			buildSettings = {
				ASSETCATALOG_COMPILER_APPICON_NAME = AppIcon;
				CLANG_ENABLE_MODULES = YES;
				COMBINE_HIDPI_IMAGES = YES;
				FRAMEWORK_SEARCH_PATHS = (
					"$(inherited)",
					"$(PROJECT_DIR)",
				);
				INFOPLIST_FILE = VisualKite/Info.plist;
				LD_RUNPATH_SEARCH_PATHS = "$(inherited) @executable_path/../Frameworks";
				LIBRARY_SEARCH_PATHS = (
					"$(inherited)",
					"$(PROJECT_DIR)/VisualKite",
				);
				PRODUCT_BUNDLE_IDENTIFIER = KiteX.VisualKite;
				PRODUCT_NAME = "$(TARGET_NAME)";
				SWIFT_OBJC_BRIDGING_HEADER = "VisualKite/VisualKite-Bridging-Header.h";
				SWIFT_OPTIMIZATION_LEVEL = "-Onone";
				SWIFT_VERSION = 3.0;
			};
			name = Debug;
		};
		22EC26991E61DD7F00370170 /* Release */ = {
			isa = XCBuildConfiguration;
			buildSettings = {
				ASSETCATALOG_COMPILER_APPICON_NAME = AppIcon;
				CLANG_ENABLE_MODULES = YES;
				COMBINE_HIDPI_IMAGES = YES;
				FRAMEWORK_SEARCH_PATHS = (
					"$(inherited)",
					"$(PROJECT_DIR)",
				);
				INFOPLIST_FILE = VisualKite/Info.plist;
				LD_RUNPATH_SEARCH_PATHS = "$(inherited) @executable_path/../Frameworks";
				LIBRARY_SEARCH_PATHS = (
					"$(inherited)",
					"$(PROJECT_DIR)/VisualKite",
				);
				PRODUCT_BUNDLE_IDENTIFIER = KiteX.VisualKite;
				PRODUCT_NAME = "$(TARGET_NAME)";
				SWIFT_OBJC_BRIDGING_HEADER = "VisualKite/VisualKite-Bridging-Header.h";
				SWIFT_VERSION = 3.0;
			};
			name = Release;
		};
/* End XCBuildConfiguration section */

/* Begin XCConfigurationList section */
		22EC267F1E61DD7E00370170 /* Build configuration list for PBXProject "VisualKite" */ = {
			isa = XCConfigurationList;
			buildConfigurations = (
				22EC26951E61DD7F00370170 /* Debug */,
				22EC26961E61DD7F00370170 /* Release */,
			);
			defaultConfigurationIsVisible = 0;
			defaultConfigurationName = Release;
		};
		22EC26971E61DD7F00370170 /* Build configuration list for PBXNativeTarget "VisualKite" */ = {
			isa = XCConfigurationList;
			buildConfigurations = (
				22EC26981E61DD7F00370170 /* Debug */,
				22EC26991E61DD7F00370170 /* Release */,
			);
			defaultConfigurationIsVisible = 0;
			defaultConfigurationName = Release;
		};
/* End XCConfigurationList section */
	};
	rootObject = 22EC267C1E61DD7E00370170 /* Project object */;
}
